{
  "name": "webc-framework",
  "version": "1.0.0",
  "lockfileVersion": 1,
  "dependencies": {
    "balanced-match": {
      "version": "1.0.0",
      "resolved": "http://npm.f2e.mogujie.org/balanced-match/download/balanced-match-1.0.0.tgz",
      "integrity": "sha1-ibTRmasr7kneFk6gK4nORi1xt2c=",
      "dev": true
    },
    "brace-expansion": {
      "version": "1.1.8",
      "resolved": "http://npm.f2e.mogujie.org/brace-expansion/download/brace-expansion-1.1.8.tgz",
      "integrity": "sha1-wHshHHyVLsH479Uad+8NHTmQopI=",
      "dev": true
    },
    "concat-map": {
      "version": "0.0.1",
      "resolved": "http://npm.f2e.mogujie.org/concat-map/download/concat-map-0.0.1.tgz",
      "integrity": "sha1-2Klr13/Wjfd5OnMDajug1UBdR3s=",
      "dev": true
    },
    "estree-walker": {
      "version": "0.2.1",
      "resolved": "http://npm.f2e.mogujie.org/estree-walker/download/estree-walker-0.2.1.tgz",
      "integrity": "sha1-va/oCVOD2EFNXcLs9MkXO225QS4=",
      "dev": true
    },
    "magic-string": {
      "version": "0.15.2",
      "resolved": "http://npm.f2e.mogujie.org/magic-string/download/magic-string-0.15.2.tgz",
      "integrity": "sha1-BoHXOIdBu8Ot2qZQYJkmJMbAnpw=",
      "dev": true
    },
    "minimatch": {
      "version": "3.0.4",
      "resolved": "http://npm.f2e.mogujie.org/minimatch/download/minimatch-3.0.4.tgz",
      "integrity": "sha1-UWbihkV/AzBgZL5Ul+jbsMPTIIM=",
      "dev": true
    },
    "rollup": {
      "version": "0.49.0",
      "resolved": "http://npm.f2e.mogujie.org/rollup/download/rollup-0.49.0.tgz",
      "integrity": "sha1-EUhZNcngdAvXiZQDeeuEbGBj4/A=",
      "dev": true
    },
    "rollup-plugin-alias": {
      "version": "1.3.1",
      "resolved": "http://npm.f2e.mogujie.org/rollup-plugin-alias/download/rollup-plugin-alias-1.3.1.tgz",
      "integrity": "sha1-qRUv7EtqZRDa6TmJUXynhTwypvo=",
      "dev": true
    },
    "rollup-plugin-replace": {
      "version": "1.1.1",
      "resolved": "http://npm.f2e.mogujie.org/rollup-plugin-replace/download/rollup-plugin-replace-1.1.1.tgz",
      "integrity": "sha1-OWMV3tBQps5DuVGKiGo/YO+x6jM=",
      "dev": true
    },
    "rollup-pluginutils": {
      "version": "1.5.2",
      "resolved": "http://npm.f2e.mogujie.org/rollup-pluginutils/download/rollup-pluginutils-1.5.2.tgz",
      "integrity": "sha1-HhVud4+UtyVb+hs9AXi+j1xVJAg=",
      "dev": true
    },
    "slash": {
      "version": "1.0.0",
      "resolved": "http://npm.f2e.mogujie.org/slash/download/slash-1.0.0.tgz",
      "integrity": "sha1-xB8vbDn8FtHNF61LXYlhFK5HDVU=",
      "dev": true
    },
    "vlq": {
      "version": "0.2.2",
      "resolved": "http://npm.f2e.mogujie.org/vlq/download/vlq-0.2.2.tgz",
      "integrity": "sha1-4xbVJXtAuGu0PLjV/qXX9U1rDKE=",
      "dev": true
    }
  }
}
